// !$*UTF8*$!
{
	archiveVersion = 1;
	classes = {
	};
	objectVersion = 56;
	objects = {

/* Begin PBXBuildFile section */
		3310A6C02949B03400AC9383 /* Alamofire in Frameworks */ = {isa = PBXBuildFile; productRef = 3310A6BF2949B03400AC9383 /* Alamofire */; };
		3310A6C32949B09F00AC9383 /* JokesService.swift in Sources */ = {isa = PBXBuildFile; fileRef = 3310A6C22949B09F00AC9383 /* JokesService.swift */; };
		3310A6C82949B19300AC9383 /* Logging+AFError.swift in Sources */ = {isa = PBXBuildFile; fileRef = 3310A6C72949B19300AC9383 /* Logging+AFError.swift */; };
		3310A6CB2949B1B400AC9383 /* Logging in Frameworks */ = {isa = PBXBuildFile; productRef = 3310A6CA2949B1B400AC9383 /* Logging */; };
		33C9724C2948D54F005FBA48 /* JokesAppApp.swift in Sources */ = {isa = PBXBuildFile; fileRef = 33C9724B2948D54F005FBA48 /* JokesAppApp.swift */; };
		33C9724E2948D54F005FBA48 /* ContentView.swift in Sources */ = {isa = PBXBuildFile; fileRef = 33C9724D2948D54F005FBA48 /* ContentView.swift */; };
		33C972502948D551005FBA48 /* Assets.xcassets in Resources */ = {isa = PBXBuildFile; fileRef = 33C9724F2948D551005FBA48 /* Assets.xcassets */; };
		33C972532948D551005FBA48 /* Preview Assets.xcassets in Resources */ = {isa = PBXBuildFile; fileRef = 33C972522948D551005FBA48 /* Preview Assets.xcassets */; };
		33C9725B2948D76B005FBA48 /* JokesModel.swift in Sources */ = {isa = PBXBuildFile; fileRef = 33C9725A2948D76B005FBA48 /* JokesModel.swift */; };
		33C9725E2948DED0005FBA48 /* JokesViewModel.swift in Sources */ = {isa = PBXBuildFile; fileRef = 33C9725D2948DED0005FBA48 /* JokesViewModel.swift */; };
		33F4D0352949B6D30012C7CD /* ActivityIndicatorView in Frameworks */ = {isa = PBXBuildFile; productRef = 33F4D0342949B6D30012C7CD /* ActivityIndicatorView */; };
/* End PBXBuildFile section */

/* Begin PBXFileReference section */
		3310A6C22949B09F00AC9383 /* JokesService.swift */ = {isa = PBXFileReference; lastKnownFileType = sourcecode.swift; path = JokesService.swift; sourceTree = "<group>"; };
		3310A6C72949B19300AC9383 /* Logging+AFError.swift */ = {isa = PBXFileReference; lastKnownFileType = sourcecode.swift; path = "Logging+AFError.swift"; sourceTree = "<group>"; };
		33C972482948D54F005FBA48 /* JokesApp.app */ = {isa = PBXFileReference; explicitFileType = wrapper.application; includeInIndex = 0; path = JokesApp.app; sourceTree = BUILT_PRODUCTS_DIR; };
		33C9724B2948D54F005FBA48 /* JokesAppApp.swift */ = {isa = PBXFileReference; lastKnownFileType = sourcecode.swift; path = JokesAppApp.swift; sourceTree = "<group>"; };
		33C9724D2948D54F005FBA48 /* ContentView.swift */ = {isa = PBXFileReference; lastKnownFileType = sourcecode.swift; path = ContentView.swift; sourceTree = "<group>"; };
		33C9724F2948D551005FBA48 /* Assets.xcassets */ = {isa = PBXFileReference; lastKnownFileType = folder.assetcatalog; path = Assets.xcassets; sourceTree = "<group>"; };
		33C972522948D551005FBA48 /* Preview Assets.xcassets */ = {isa = PBXFileReference; lastKnownFileType = folder.assetcatalog; path = "Preview Assets.xcassets"; sourceTree = "<group>"; };
		33C9725A2948D76B005FBA48 /* JokesModel.swift */ = {isa = PBXFileReference; lastKnownFileType = sourcecode.swift; path = JokesModel.swift; sourceTree = "<group>"; };
		33C9725D2948DED0005FBA48 /* JokesViewModel.swift */ = {isa = PBXFileReference; lastKnownFileType = sourcecode.swift; path = JokesViewModel.swift; sourceTree = "<group>"; };
/* End PBXFileReference section */

/* Begin PBXFrameworksBuildPhase section */
		33C972452948D54F005FBA48 /* Frameworks */ = {
			isa = PBXFrameworksBuildPhase;
			buildActionMask = 2147483647;
			files = (
				3310A6CB2949B1B400AC9383 /* Logging in Frameworks */,
				33F4D0352949B6D30012C7CD /* ActivityIndicatorView in Frameworks */,
				3310A6C02949B03400AC9383 /* Alamofire in Frameworks */,
			);
			runOnlyForDeploymentPostprocessing = 0;
		};
/* End PBXFrameworksBuildPhase section */

/* Begin PBXGroup section */
		3310A6C12949B09200AC9383 /* Service */ = {
			isa = PBXGroup;
			children = (
				3310A6C22949B09F00AC9383 /* JokesService.swift */,
			);
			path = Service;
			sourceTree = "<group>";
		};
		3310A6C42949B0DD00AC9383 /* Core */ = {
			isa = PBXGroup;
			children = (
				3310A6C52949B17600AC9383 /* Extension */,
			);
			path = Core;
			sourceTree = "<group>";
		};
		3310A6C52949B17600AC9383 /* Extension */ = {
			isa = PBXGroup;
			children = (
				3310A6C72949B19300AC9383 /* Logging+AFError.swift */,
			);
			path = Extension;
			sourceTree = "<group>";
		};
		33C9723F2948D54F005FBA48 = {
			isa = PBXGroup;
			children = (
				33C9724A2948D54F005FBA48 /* JokesApp */,
				33C972492948D54F005FBA48 /* Products */,
			);
			sourceTree = "<group>";
		};
		33C972492948D54F005FBA48 /* Products */ = {
			isa = PBXGroup;
			children = (
				33C972482948D54F005FBA48 /* JokesApp.app */,
			);
			name = Products;
			sourceTree = "<group>";
		};
		33C9724A2948D54F005FBA48 /* JokesApp */ = {
			isa = PBXGroup;
			children = (
				3310A6C42949B0DD00AC9383 /* Core */,
				3310A6C12949B09200AC9383 /* Service */,
				33C9725C2948DEBB005FBA48 /* ViewModel */,
				33C972592948D75C005FBA48 /* Model */,
				33C9724B2948D54F005FBA48 /* JokesAppApp.swift */,
				33C9724D2948D54F005FBA48 /* ContentView.swift */,
				33C9724F2948D551005FBA48 /* Assets.xcassets */,
				33C972512948D551005FBA48 /* Preview Content */,
			);
			path = JokesApp;
			sourceTree = "<group>";
		};
		33C972512948D551005FBA48 /* Preview Content */ = {
			isa = PBXGroup;
			children = (
				33C972522948D551005FBA48 /* Preview Assets.xcassets */,
			);
			path = "Preview Content";
			sourceTree = "<group>";
		};
		33C972592948D75C005FBA48 /* Model */ = {
			isa = PBXGroup;
			children = (
				33C9725A2948D76B005FBA48 /* JokesModel.swift */,
			);
			path = Model;
			sourceTree = "<group>";
		};
		33C9725C2948DEBB005FBA48 /* ViewModel */ = {
			isa = PBXGroup;
			children = (
				33C9725D2948DED0005FBA48 /* JokesViewModel.swift */,
			);
			path = ViewModel;
			sourceTree = "<group>";
		};
/* End PBXGroup section */

/* Begin PBXNativeTarget section */
		33C972472948D54F005FBA48 /* JokesApp */ = {
			isa = PBXNativeTarget;
			buildConfigurationList = 33C972562948D551005FBA48 /* Build configuration list for PBXNativeTarget "JokesApp" */;
			buildPhases = (
				33C972442948D54F005FBA48 /* Sources */,
				33C972452948D54F005FBA48 /* Frameworks */,
				33C972462948D54F005FBA48 /* Resources */,
			);
			buildRules = (
			);
			dependencies = (
			);
			name = JokesApp;
			packageProductDependencies = (
				3310A6BF2949B03400AC9383 /* Alamofire */,
				3310A6CA2949B1B400AC9383 /* Logging */,
				33F4D0342949B6D30012C7CD /* ActivityIndicatorView */,
			);
			productName = JokesApp;
			productReference = 33C972482948D54F005FBA48 /* JokesApp.app */;
			productType = "com.apple.product-type.application";
		};
/* End PBXNativeTarget section */

/* Begin PBXProject section */
		33C972402948D54F005FBA48 /* Project object */ = {
			isa = PBXProject;
			attributes = {
				BuildIndependentTargetsInParallel = 1;
				LastSwiftUpdateCheck = 1410;
				LastUpgradeCheck = 1410;
				TargetAttributes = {
					33C972472948D54F005FBA48 = {
						CreatedOnToolsVersion = 14.1;
					};
				};
			};
			buildConfigurationList = 33C972432948D54F005FBA48 /* Build configuration list for PBXProject "JokesApp" */;
			compatibilityVersion = "Xcode 14.0";
			developmentRegion = en;
			hasScannedForEncodings = 0;
			knownRegions = (
				en,
				Base,
			);
			mainGroup = 33C9723F2948D54F005FBA48;
			packageReferences = (
				3310A6BE2949B03400AC9383 /* XCRemoteSwiftPackageReference "Alamofire" */,
				3310A6C92949B1B400AC9383 /* XCRemoteSwiftPackageReference "swift-log" */,
				33F4D0332949B6D30012C7CD /* XCRemoteSwiftPackageReference "ActivityIndicatorView" */,
			);
			productRefGroup = 33C972492948D54F005FBA48 /* Products */;
			projectDirPath = "";
			projectRoot = "";
			targets = (
				33C972472948D54F005FBA48 /* JokesApp */,
			);
		};
/* End PBXProject section */

/* Begin PBXResourcesBuildPhase section */
		33C972462948D54F005FBA48 /* Resources */ = {
			isa = PBXResourcesBuildPhase;
			buildActionMask = 2147483647;
			files = (
				33C972532948D551005FBA48 /* Preview Assets.xcassets in Resources */,
				33C972502948D551005FBA48 /* Assets.xcassets in Resources */,
			);
			runOnlyForDeploymentPostprocessing = 0;
		};
/* End PBXResourcesBuildPhase section */

/* Begin PBXSourcesBuildPhase section */
		33C972442948D54F005FBA48 /* Sources */ = {
			isa = PBXSourcesBuildPhase;
			buildActionMask = 2147483647;
			files = (
				33C9725B2948D76B005FBA48 /* JokesModel.swift in Sources */,
				33C9724E2948D54F005FBA48 /* ContentView.swift in Sources */,
				33C9724C2948D54F005FBA48 /* JokesAppApp.swift in Sources */,
				3310A6C82949B19300AC9383 /* Logging+AFError.swift in Sources */,
				33C9725E2948DED0005FBA48 /* JokesViewModel.swift in Sources */,
				3310A6C32949B09F00AC9383 /* JokesService.swift in Sources */,
			);
			runOnlyForDeploymentPostprocessing = 0;
		};
/* End PBXSourcesBuildPhase section */

/* Begin XCBuildConfiguration section */
		33C972542948D551005FBA48 /* Debug */ = {
			isa = XCBuildConfiguration;
			buildSettings = {
				ALWAYS_SEARCH_USER_PATHS = NO;
				CLANG_ANALYZER_NONNULL = YES;
				CLANG_ANALYZER_NUMBER_OBJECT_CONVERSION = YES_AGGRESSIVE;
				CLANG_CXX_LANGUAGE_STANDARD = "gnu++20";
				CLANG_ENABLE_MODULES = YES;
				CLANG_ENABLE_OBJC_ARC = YES;
				CLANG_ENABLE_OBJC_WEAK = YES;
				CLANG_WARN_BLOCK_CAPTURE_AUTORELEASING = YES;
				CLANG_WARN_BOOL_CONVERSION = YES;
				CLANG_WARN_COMMA = YES;
				CLANG_WARN_CONSTANT_CONVERSION = YES;
				CLANG_WARN_DEPRECATED_OBJC_IMPLEMENTATIONS = YES;
				CLANG_WARN_DIRECT_OBJC_ISA_USAGE = YES_ERROR;
				CLANG_WARN_DOCUMENTATION_COMMENTS = YES;
				CLANG_WARN_EMPTY_BODY = YES;
				CLANG_WARN_ENUM_CONVERSION = YES;
				CLANG_WARN_INFINITE_RECURSION = YES;
				CLANG_WARN_INT_CONVERSION = YES;
				CLANG_WARN_NON_LITERAL_NULL_CONVERSION = YES;
				CLANG_WARN_OBJC_IMPLICIT_RETAIN_SELF = YES;
				CLANG_WARN_OBJC_LITERAL_CONVERSION = YES;
				CLANG_WARN_OBJC_ROOT_CLASS = YES_ERROR;
				CLANG_WARN_QUOTED_INCLUDE_IN_FRAMEWORK_HEADER = YES;
				CLANG_WARN_RANGE_LOOP_ANALYSIS = YES;
				CLANG_WARN_STRICT_PROTOTYPES = YES;
				CLANG_WARN_SUSPICIOUS_MOVE = YES;
				CLANG_WARN_UNGUARDED_AVAILABILITY = YES_AGGRESSIVE;
				CLANG_WARN_UNREACHABLE_CODE = YES;
				CLANG_WARN__DUPLICATE_METHOD_MATCH = YES;
				COPY_PHASE_STRIP = NO;
				DEBUG_INFORMATION_FORMAT = dwarf;
				ENABLE_STRICT_OBJC_MSGSEND = YES;
				ENABLE_TESTABILITY = YES;
				GCC_C_LANGUAGE_STANDARD = gnu11;
				GCC_DYNAMIC_NO_PIC = NO;
				GCC_NO_COMMON_BLOCKS = YES;
				GCC_OPTIMIZATION_LEVEL = 0;
				GCC_PREPROCESSOR_DEFINITIONS = (
					"DEBUG=1",
					"$(inherited)",
				);
				GCC_WARN_64_TO_32_BIT_CONVERSION = YES;
				GCC_WARN_ABOUT_RETURN_TYPE = YES_ERROR;
				GCC_WARN_UNDECLARED_SELECTOR = YES;
				GCC_WARN_UNINITIALIZED_AUTOS = YES_AGGRESSIVE;
				GCC_WARN_UNUSED_FUNCTION = YES;
				GCC_WARN_UNUSED_VARIABLE = YES;
				IPHONEOS_DEPLOYMENT_TARGET = 16.1;
				MTL_ENABLE_DEBUG_INFO = INCLUDE_SOURCE;
				MTL_FAST_MATH = YES;
				ONLY_ACTIVE_ARCH = YES;
				SDKROOT = iphoneos;
				SWIFT_ACTIVE_COMPILATION_CONDITIONS = DEBUG;
				SWIFT_OPTIMIZATION_LEVEL = "-Onone";
			};
			name = Debug;
		};
		33C972552948D551005FBA48 /* Release */ = {
			isa = XCBuildConfiguration;
			buildSettings = {
				ALWAYS_SEARCH_USER_PATHS = NO;
				CLANG_ANALYZER_NONNULL = YES;
				CLANG_ANALYZER_NUMBER_OBJECT_CONVERSION = YES_AGGRESSIVE;
				CLANG_CXX_LANGUAGE_STANDARD = "gnu++20";
				CLANG_ENABLE_MODULES = YES;
				CLANG_ENABLE_OBJC_ARC = YES;
				CLANG_ENABLE_OBJC_WEAK = YES;
				CLANG_WARN_BLOCK_CAPTURE_AUTORELEASING = YES;
				CLANG_WARN_BOOL_CONVERSION = YES;
				CLANG_WARN_COMMA = YES;
				CLANG_WARN_CONSTANT_CONVERSION = YES;
				CLANG_WARN_DEPRECATED_OBJC_IMPLEMENTATIONS = YES;
				CLANG_WARN_DIRECT_OBJC_ISA_USAGE = YES_ERROR;
				CLANG_WARN_DOCUMENTATION_COMMENTS = YES;
				CLANG_WARN_EMPTY_BODY = YES;
				CLANG_WARN_ENUM_CONVERSION = YES;
				CLANG_WARN_INFINITE_RECURSION = YES;
				CLANG_WARN_INT_CONVERSION = YES;
				CLANG_WARN_NON_LITERAL_NULL_CONVERSION = YES;
				CLANG_WARN_OBJC_IMPLICIT_RETAIN_SELF = YES;
				CLANG_WARN_OBJC_LITERAL_CONVERSION = YES;
				CLANG_WARN_OBJC_ROOT_CLASS = YES_ERROR;
				CLANG_WARN_QUOTED_INCLUDE_IN_FRAMEWORK_HEADER = YES;
				CLANG_WARN_RANGE_LOOP_ANALYSIS = YES;
				CLANG_WARN_STRICT_PROTOTYPES = YES;
				CLANG_WARN_SUSPICIOUS_MOVE = YES;
				CLANG_WARN_UNGUARDED_AVAILABILITY = YES_AGGRESSIVE;
				CLANG_WARN_UNREACHABLE_CODE = YES;
				CLANG_WARN__DUPLICATE_METHOD_MATCH = YES;
				COPY_PHASE_STRIP = NO;
				DEBUG_INFORMATION_FORMAT = "dwarf-with-dsym";
				ENABLE_NS_ASSERTIONS = NO;
				ENABLE_STRICT_OBJC_MSGSEND = YES;
				GCC_C_LANGUAGE_STANDARD = gnu11;
				GCC_NO_COMMON_BLOCKS = YES;
				GCC_WARN_64_TO_32_BIT_CONVERSION = YES;
				GCC_WARN_ABOUT_RETURN_TYPE = YES_ERROR;
				GCC_WARN_UNDECLARED_SELECTOR = YES;
				GCC_WARN_UNINITIALIZED_AUTOS = YES_AGGRESSIVE;
				GCC_WARN_UNUSED_FUNCTION = YES;
				GCC_WARN_UNUSED_VARIABLE = YES;
				IPHONEOS_DEPLOYMENT_TARGET = 16.1;
				MTL_ENABLE_DEBUG_INFO = NO;
				MTL_FAST_MATH = YES;
				SDKROOT = iphoneos;
				SWIFT_COMPILATION_MODE = wholemodule;
				SWIFT_OPTIMIZATION_LEVEL = "-O";
				VALIDATE_PRODUCT = YES;
			};
			name = Release;
		};
		33C972572948D551005FBA48 /* Debug */ = {
			isa = XCBuildConfiguration;
			buildSettings = {
				ASSETCATALOG_COMPILER_APPICON_NAME = AppIcon;
				ASSETCATALOG_COMPILER_GLOBAL_ACCENT_COLOR_NAME = AccentColor;
				CODE_SIGN_STYLE = Automatic;
				CURRENT_PROJECT_VERSION = 1;
				DEVELOPMENT_ASSET_PATHS = "\"JokesApp/Preview Content\"";
				DEVELOPMENT_TEAM = JPCNRRX5YA;
				ENABLE_PREVIEWS = YES;
				GENERATE_INFOPLIST_FILE = YES;
				INFOPLIST_KEY_UIApplicationSceneManifest_Generation = YES;
				INFOPLIST_KEY_UIApplicationSupportsIndirectInputEvents = YES;
				INFOPLIST_KEY_UILaunchScreen_Generation = YES;
				INFOPLIST_KEY_UISupportedInterfaceOrientations_iPad = "UIInterfaceOrientationPortrait UIInterfaceOrientationPortraitUpsideDown UIInterfaceOrientationLandscapeLeft UIInterfaceOrientationLandscapeRight";
				INFOPLIST_KEY_UISupportedInterfaceOrientations_iPhone = "UIInterfaceOrientationPortrait UIInterfaceOrientationLandscapeLeft UIInterfaceOrientationLandscapeRight";
				LD_RUNPATH_SEARCH_PATHS = (
					"$(inherited)",
					"@executable_path/Frameworks",
				);
				MARKETING_VERSION = 1.0;
				PRODUCT_BUNDLE_IDENTIFIER = com.yusuf.JokesApp;
				PRODUCT_NAME = "$(TARGET_NAME)";
				SWIFT_EMIT_LOC_STRINGS = YES;
				SWIFT_VERSION = 5.0;
				TARGETED_DEVICE_FAMILY = "1,2";
			};
			name = Debug;
		};
		33C972582948D551005FBA48 /* Release */ = {
			isa = XCBuildConfiguration;
			buildSettings = {
				ASSETCATALOG_COMPILER_APPICON_NAME = AppIcon;
				ASSETCATALOG_COMPILER_GLOBAL_ACCENT_COLOR_NAME = AccentColor;
				CODE_SIGN_STYLE = Automatic;
				CURRENT_PROJECT_VERSION = 1;
				DEVELOPMENT_ASSET_PATHS = "\"JokesApp/Preview Content\"";
				DEVELOPMENT_TEAM = JPCNRRX5YA;
				ENABLE_PREVIEWS = YES;
				GENERATE_INFOPLIST_FILE = YES;
				INFOPLIST_KEY_UIApplicationSceneManifest_Generation = YES;
				INFOPLIST_KEY_UIApplicationSupportsIndirectInputEvents = YES;
				INFOPLIST_KEY_UILaunchScreen_Generation = YES;
				INFOPLIST_KEY_UISupportedInterfaceOrientations_iPad = "UIInterfaceOrientationPortrait UIInterfaceOrientationPortraitUpsideDown UIInterfaceOrientationLandscapeLeft UIInterfaceOrientationLandscapeRight";
				INFOPLIST_KEY_UISupportedInterfaceOrientations_iPhone = "UIInterfaceOrientationPortrait UIInterfaceOrientationLandscapeLeft UIInterfaceOrientationLandscapeRight";
				LD_RUNPATH_SEARCH_PATHS = (
					"$(inherited)",
					"@executable_path/Frameworks",
				);
				MARKETING_VERSION = 1.0;
				PRODUCT_BUNDLE_IDENTIFIER = com.yusuf.JokesApp;
				PRODUCT_NAME = "$(TARGET_NAME)";
				SWIFT_EMIT_LOC_STRINGS = YES;
				SWIFT_VERSION = 5.0;
				TARGETED_DEVICE_FAMILY = "1,2";
			};
			name = Release;
		};
/* End XCBuildConfiguration section */

/* Begin XCConfigurationList section */
		33C972432948D54F005FBA48 /* Build configuration list for PBXProject "JokesApp" */ = {
			isa = XCConfigurationList;
			buildConfigurations = (
				33C972542948D551005FBA48 /* Debug */,
				33C972552948D551005FBA48 /* Release */,
			);
			defaultConfigurationIsVisible = 0;
			defaultConfigurationName = Release;
		};
		33C972562948D551005FBA48 /* Build configuration list for PBXNativeTarget "JokesApp" */ = {
			isa = XCConfigurationList;
			buildConfigurations = (
				33C972572948D551005FBA48 /* Debug */,
				33C972582948D551005FBA48 /* Release */,
			);
			defaultConfigurationIsVisible = 0;
			defaultConfigurationName = Release;
		};
/* End XCConfigurationList section */

/* Begin XCRemoteSwiftPackageReference section */
		3310A6BE2949B03400AC9383 /* XCRemoteSwiftPackageReference "Alamofire" */ = {
			isa = XCRemoteSwiftPackageReference;
			repositoryURL = "https://github.com/Alamofire/Alamofire.git";
			requirement = {
				branch = master;
				kind = branch;
			};
		};
		3310A6C92949B1B400AC9383 /* XCRemoteSwiftPackageReference "swift-log" */ = {
			isa = XCRemoteSwiftPackageReference;
			repositoryURL = "https://github.com/apple/swift-log.git";
			requirement = {
				branch = main;
				kind = branch;
			};
		};
		33F4D0332949B6D30012C7CD /* XCRemoteSwiftPackageReference "ActivityIndicatorView" */ = {
			isa = XCRemoteSwiftPackageReference;
			repositoryURL = "https://github.com/exyte/ActivityIndicatorView.git";
			requirement = {
				branch = master;
				kind = branch;
			};
		};
/* End XCRemoteSwiftPackageReference section */

/* Begin XCSwiftPackageProductDependency section */
		3310A6BF2949B03400AC9383 /* Alamofire */ = {
			isa = XCSwiftPackageProductDependency;
			package = 3310A6BE2949B03400AC9383 /* XCRemoteSwiftPackageReference "Alamofire" */;
			productName = Alamofire;
		};
		3310A6CA2949B1B400AC9383 /* Logging */ = {
			isa = XCSwiftPackageProductDependency;
			package = 3310A6C92949B1B400AC9383 /* XCRemoteSwiftPackageReference "swift-log" */;
			productName = Logging;
		};
		33F4D0342949B6D30012C7CD /* ActivityIndicatorView */ = {
			isa = XCSwiftPackageProductDependency;
			package = 33F4D0332949B6D30012C7CD /* XCRemoteSwiftPackageReference "ActivityIndicatorView" */;
			productName = ActivityIndicatorView;
		};
/* End XCSwiftPackageProductDependency section */
	};
	rootObject = 33C972402948D54F005FBA48 /* Project object */;
}
